
Microsoft Visual Studio Solution File, Format Version 12.00
# Visual Studio Version 16
VisualStudioVersion = 16.0.30804.86
MinimumVisualStudioVersion = 10.0.40219.1
Project("{FAE04EC0-301F-11D3-BF4B-00C04F79EFBC}") = "HandyDoc", "HandyDoc\HandyDoc.csproj", "{A1356F3B-6756-42B8-BBBF-F85F076CDE35}"
EndProject
Global
	GlobalSection(SolutionConfigurationPlatforms) = preSolution
		Debug|Any CPU = Debug|Any CPU
		Release|Any CPU = Release|Any CPU
	EndGlobalSection
	GlobalSection(ProjectConfigurationPlatforms) = postSolution
		{A1356F3B-6756-42B8-BBBF-F85F076CDE35}.Debug|Any CPU.ActiveCfg = Debug|Any CPU
		{A1356F3B-6756-42B8-BBBF-F85F076CDE35}.Debug|Any CPU.Build.0 = Debug|Any CPU
		{A1356F3B-6756-42B8-BBBF-F85F076CDE35}.Release|Any CPU.ActiveCfg = Release|Any CPU
		{A1356F3B-6756-42B8-BBBF-F85F076CDE35}.Release|Any CPU.Build.0 = Release|Any CPU
	EndGlobalSection
	GlobalSection(SolutionProperties) = preSolution
		HideSolutionNode = FALSE
	EndGlobalSection
	GlobalSection(ExtensibilityGlobals) = postSolution
		SolutionGuid = {65F24549-A006-465D-9677-59D2E794F9ED}
	EndGlobalSection
EndGlobal
