
Microsoft Visual Studio Solution File, Format Version 12.00
# Visual Studio Version 16
VisualStudioVersion = 16.0.31507.150
MinimumVisualStudioVersion = 10.0.40219.1
Project("{FAE04EC0-301F-11D3-BF4B-00C04F79EFBC}") = "HandyDoc", "HandyDoc\HandyDoc.csproj", "{32A8B349-E9CD-4EBA-8B36-EDFA039E5B6F}"
EndProject
Global
	GlobalSection(SolutionConfigurationPlatforms) = preSolution
		Debug|Any CPU = Debug|Any CPU
		Release|Any CPU = Release|Any CPU
	EndGlobalSection
	GlobalSection(ProjectConfigurationPlatforms) = postSolution
		{32A8B349-E9CD-4EBA-8B36-EDFA039E5B6F}.Debug|Any CPU.ActiveCfg = Debug|Any CPU
		{32A8B349-E9CD-4EBA-8B36-EDFA039E5B6F}.Debug|Any CPU.Build.0 = Debug|Any CPU
		{32A8B349-E9CD-4EBA-8B36-EDFA039E5B6F}.Release|Any CPU.ActiveCfg = Release|Any CPU
		{32A8B349-E9CD-4EBA-8B36-EDFA039E5B6F}.Release|Any CPU.Build.0 = Release|Any CPU
	EndGlobalSection
	GlobalSection(SolutionProperties) = preSolution
		HideSolutionNode = FALSE
	EndGlobalSection
	GlobalSection(ExtensibilityGlobals) = postSolution
		SolutionGuid = {43F6C957-9285-4644-8F52-C72552E55640}
	EndGlobalSection
EndGlobal
